GIT
  remote: git@github.com:AlawysDelta/wasify.git
  revision: 3001731567a3663390604eacc0cb4d97a568a46b
  specs:
    wasify (0.1.0)

PATH
  remote: ../scarpe
  specs:
    lacci (0.2.1)
    scarpe (0.2.1)
      bloops (~> 0.5)
      fastimage
      glimmer-dsl-libui
      lacci
      logging (~> 2.3.1)
      nokogiri
      scarpe-components
      sqlite3
      webview_ruby (~> 0.1.1)
    scarpe-components (0.2.1)

PATH
  remote: .
  specs:
    scarpe-wasm (0.1.0)
      lacci
      scarpe-components
      wasify

GEM
  remote: https://rubygems.org/
  specs:
    array_include_methods (1.4.0)
    bloops (0.5)
    chunky_png (1.4.0)
    color (1.8)
    equalizer (0.0.11)
    facets (3.1.0)
    fastimage (2.2.7)
    ffi (1.15.5)
    ffi-compiler (1.0.1)
      ffi (>= 1.0.0)
      rake
    glimmer (2.7.3)
      array_include_methods (~> 1.4.0)
      facets (>= 3.1.0, < 4.0.0)
    glimmer-dsl-libui (0.5.24)
      chunky_png (~> 1.4.0)
      color (~> 1.8)
      equalizer (= 0.0.11)
      glimmer (~> 2.7.3)
      libui (~> 0.0.15)
      os (>= 1.0.0, < 2.0.0)
      perfect-shape (~> 1.0.5)
      rouge (>= 3.26.0, < 4.0.0)
      super_module (~> 1.4.1)
    libui (0.0.15)
    little-plugger (1.1.4)
    logging (2.3.1)
      little-plugger (~> 1.1)
      multi_json (~> 1.14)
    matrix (0.4.2)
    method_source (1.0.0)
    mini_portile2 (2.8.4)
    minitest (5.19.0)
    multi_json (1.15.0)
    nokogiri (1.15.3)
      mini_portile2 (~> 2.8.2)
      racc (~> 1.4)
    nokogiri (1.15.3-x86_64-darwin)
      racc (~> 1.4)
    os (1.1.4)
    perfect-shape (1.0.8)
      equalizer (>= 0.0.11, < 1.1.0)
      matrix (>= 0.4.2, < 1.1.0)
    racc (1.7.1)
    rake (13.0.6)
    rouge (3.30.0)
    sqlite3 (1.6.3)
      mini_portile2 (~> 2.8.0)
    sqlite3 (1.6.3-x86_64-darwin)
    super_module (1.4.1)
      method_source (>= 0.8.2, < 1.1.0)
    webview_ruby (0.1.2)
      ffi
      ffi-compiler
      rake

PLATFORMS
  wasm32-unknown
  x86_64-darwin-22

DEPENDENCIES
  minitest (~> 5.0)
  rake (~> 13.0)
  scarpe!
  scarpe-wasm!
  wasify!

BUNDLED WITH
   2.4.14
